
Microsoft Visual Studio Solution File, Format Version 12.00
Project("{FAE04EC0-301F-11D3-BF4B-00C04F79EFBC}") = "Base64", "Base64\Base64.csproj", "{C674C690-E9C1-4E64-B1F3-041761CE4897}"
EndProject
Project("{FAE04EC0-301F-11D3-BF4B-00C04F79EFBC}") = "Base64.Tests", "Base64.Tests\Base64.Tests.csproj", "{44B6C4AA-942F-4456-9531-72D63837C2E6}"
EndProject
Global
	GlobalSection(SolutionConfigurationPlatforms) = preSolution
		Debug|Any CPU = Debug|Any CPU
		Release|Any CPU = Release|Any CPU
	EndGlobalSection
	GlobalSection(ProjectConfigurationPlatforms) = postSolution
		{C674C690-E9C1-4E64-B1F3-041761CE4897}.Debug|Any CPU.ActiveCfg = Debug|Any CPU
		{C674C690-E9C1-4E64-B1F3-041761CE4897}.Debug|Any CPU.Build.0 = Debug|Any CPU
		{C674C690-E9C1-4E64-B1F3-041761CE4897}.Release|Any CPU.ActiveCfg = Release|Any CPU
		{C674C690-E9C1-4E64-B1F3-041761CE4897}.Release|Any CPU.Build.0 = Release|Any CPU
		{44B6C4AA-942F-4456-9531-72D63837C2E6}.Debug|Any CPU.ActiveCfg = Debug|Any CPU
		{44B6C4AA-942F-4456-9531-72D63837C2E6}.Debug|Any CPU.Build.0 = Debug|Any CPU
		{44B6C4AA-942F-4456-9531-72D63837C2E6}.Release|Any CPU.ActiveCfg = Release|Any CPU
		{44B6C4AA-942F-4456-9531-72D63837C2E6}.Release|Any CPU.Build.0 = Release|Any CPU
	EndGlobalSection
EndGlobal
